
Microsoft Visual Studio Solution File, Format Version 12.00
Project("{FAE04EC0-301F-11D3-BF4B-00C04F79EFBC}") = "OEIKnapper", "OEIKnapper\OEIKnapper.csproj", "{E168E21E-5008-4250-B042-D8E9B0BDFFEF}"
EndProject
Project("{FAE04EC0-301F-11D3-BF4B-00C04F79EFBC}") = "OEIKnapperTests", "OEIKnapperTests\OEIKnapperTests.csproj", "{1CDBE94E-6BA2-4F74-831B-753DDB1C48F2}"
EndProject
Project("{FAE04EC0-301F-11D3-BF4B-00C04F79EFBC}") = "OEIKnapperGUI", "OEIKnapperGUI\OEIKnapperGUI.csproj", "{7A03F3F9-8337-43B2-A9FF-2E904DCB9BFA}"
EndProject
Global
	GlobalSection(SolutionConfigurationPlatforms) = preSolution
		Debug|Any CPU = Debug|Any CPU
		Release|Any CPU = Release|Any CPU
	EndGlobalSection
	GlobalSection(ProjectConfigurationPlatforms) = postSolution
		{E168E21E-5008-4250-B042-D8E9B0BDFFEF}.Debug|Any CPU.ActiveCfg = Debug|Any CPU
		{E168E21E-5008-4250-B042-D8E9B0BDFFEF}.Debug|Any CPU.Build.0 = Debug|Any CPU
		{E168E21E-5008-4250-B042-D8E9B0BDFFEF}.Release|Any CPU.ActiveCfg = Release|Any CPU
		{E168E21E-5008-4250-B042-D8E9B0BDFFEF}.Release|Any CPU.Build.0 = Release|Any CPU
		{1CDBE94E-6BA2-4F74-831B-753DDB1C48F2}.Debug|Any CPU.ActiveCfg = Debug|Any CPU
		{1CDBE94E-6BA2-4F74-831B-753DDB1C48F2}.Debug|Any CPU.Build.0 = Debug|Any CPU
		{1CDBE94E-6BA2-4F74-831B-753DDB1C48F2}.Release|Any CPU.ActiveCfg = Release|Any CPU
		{1CDBE94E-6BA2-4F74-831B-753DDB1C48F2}.Release|Any CPU.Build.0 = Release|Any CPU
		{7A03F3F9-8337-43B2-A9FF-2E904DCB9BFA}.Debug|Any CPU.ActiveCfg = Debug|Any CPU
		{7A03F3F9-8337-43B2-A9FF-2E904DCB9BFA}.Debug|Any CPU.Build.0 = Debug|Any CPU
		{7A03F3F9-8337-43B2-A9FF-2E904DCB9BFA}.Release|Any CPU.ActiveCfg = Release|Any CPU
		{7A03F3F9-8337-43B2-A9FF-2E904DCB9BFA}.Release|Any CPU.Build.0 = Release|Any CPU
	EndGlobalSection
EndGlobal
